
Microsoft Visual Studio Solution File, Format Version 12.00
# Visual Studio Version 16
VisualStudioVersion = 16.0.31105.61
MinimumVisualStudioVersion = 10.0.40219.1
Project("{9A19103F-16F7-4668-BE54-9A1E7A4F7556}") = "RestApiStudentManagement", "RestApiStudentManagement\RestApiStudentManagement.csproj", "{631B3508-09D2-4FE2-AE95-F7ABE3D232CE}"
EndProject
Project("{FAE04EC0-301F-11D3-BF4B-00C04F79EFBC}") = "WebApiClient", "WebApiClient\WebApiClient.csproj", "{390747CA-751C-4220-ABE6-27A58CB99670}"
EndProject
Global
	GlobalSection(SolutionConfigurationPlatforms) = preSolution
		Debug|Any CPU = Debug|Any CPU
		Release|Any CPU = Release|Any CPU
	EndGlobalSection
	GlobalSection(ProjectConfigurationPlatforms) = postSolution
		{631B3508-09D2-4FE2-AE95-F7ABE3D232CE}.Debug|Any CPU.ActiveCfg = Debug|Any CPU
		{631B3508-09D2-4FE2-AE95-F7ABE3D232CE}.Debug|Any CPU.Build.0 = Debug|Any CPU
		{631B3508-09D2-4FE2-AE95-F7ABE3D232CE}.Release|Any CPU.ActiveCfg = Release|Any CPU
		{631B3508-09D2-4FE2-AE95-F7ABE3D232CE}.Release|Any CPU.Build.0 = Release|Any CPU
		{390747CA-751C-4220-ABE6-27A58CB99670}.Debug|Any CPU.ActiveCfg = Debug|Any CPU
		{390747CA-751C-4220-ABE6-27A58CB99670}.Debug|Any CPU.Build.0 = Debug|Any CPU
		{390747CA-751C-4220-ABE6-27A58CB99670}.Release|Any CPU.ActiveCfg = Release|Any CPU
		{390747CA-751C-4220-ABE6-27A58CB99670}.Release|Any CPU.Build.0 = Release|Any CPU
	EndGlobalSection
	GlobalSection(SolutionProperties) = preSolution
		HideSolutionNode = FALSE
	EndGlobalSection
	GlobalSection(ExtensibilityGlobals) = postSolution
		SolutionGuid = {02BAC82F-D5E8-400F-ACD3-687AE03E3F77}
	EndGlobalSection
EndGlobal
